github.com/codegangsta/cli v1.20.0 h1:iX1FXEgwzd5+XN6wk5cVHOGQj6Q3Dcp20lUeS4lHNTw=
github.com/codegangsta/cli v1.20.0/go.mod h1:/qJNoX69yVSKu5o4jLyXAENLRyk1uhi7zkbQ3slBdOA=
github.com/moovweb/gokogiri v0.0.0-20180713195410-a1a828153468 h1:s7OD9KAZ/X1BdIlXtaZUgROv/5OaFo1MlsSetrtxIis=
github.com/moovweb/gokogiri v0.0.0-20180713195410-a1a828153468/go.mod h1:Oa/X457L/tmlvYXbM/iG0y+G1EERtHrpp7Y4fHJwsrk=
